
Microsoft Visual Studio Solution File, Format Version 12.00
# Visual Studio Version 16
VisualStudioVersion = 16.0.30517.126
MinimumVisualStudioVersion = 10.0.40219.1
Project("{FAE04EC0-301F-11D3-BF4B-00C04F79EFBC}") = "Battleship Game", "Battleship Game\Battleship Game.csproj", "{E5414C3E-A763-49E4-B9A6-5354A77271BB}"
EndProject
Global
	GlobalSection(SolutionConfigurationPlatforms) = preSolution
		Debug|Any CPU = Debug|Any CPU
		Release|Any CPU = Release|Any CPU
	EndGlobalSection
	GlobalSection(ProjectConfigurationPlatforms) = postSolution
		{E5414C3E-A763-49E4-B9A6-5354A77271BB}.Debug|Any CPU.ActiveCfg = Debug|Any CPU
		{E5414C3E-A763-49E4-B9A6-5354A77271BB}.Debug|Any CPU.Build.0 = Debug|Any CPU
		{E5414C3E-A763-49E4-B9A6-5354A77271BB}.Release|Any CPU.ActiveCfg = Release|Any CPU
		{E5414C3E-A763-49E4-B9A6-5354A77271BB}.Release|Any CPU.Build.0 = Release|Any CPU
	EndGlobalSection
	GlobalSection(SolutionProperties) = preSolution
		HideSolutionNode = FALSE
	EndGlobalSection
	GlobalSection(ExtensibilityGlobals) = postSolution
		SolutionGuid = {498A9471-2CD3-4E08-B97A-DDB4CC06D304}
	EndGlobalSection
EndGlobal
